{
  "name": "ConstruyendoSociedad",
  "lockfileVersion": 3,
  "requires": true,
  "packages": {
    "": {
      "dependencies": {
        "lucide": "^0.539.0"
      }
    },
    "node_modules/lucide": {
      "version": "0.539.0",
      "resolved": "https://registry.npmjs.org/lucide/-/lucide-0.539.0.tgz",
      "integrity": "sha512-FBF3rgamBJEwoOnE1NW6uPD++Al/VQA+TC3vRCoIky4Sv0Se7P22axPQ7VA85swPPGe843lztUxo8T23PDrFAA=="
    }
  }
}
